
Microsoft Visual Studio Solution File, Format Version 12.00
# Visual Studio Version 17
VisualStudioVersion = 17.5.33516.290
MinimumVisualStudioVersion = 10.0.40219.1
Project("{FAE04EC0-301F-11D3-BF4B-00C04F79EFBC}") = "Examen", "Examen\Examen.csproj", "{F0D4CABB-EF2A-4B24-A0CA-E13479C26B72}"
EndProject
Global
	GlobalSection(SolutionConfigurationPlatforms) = preSolution
		Debug|Any CPU = Debug|Any CPU
		Release|Any CPU = Release|Any CPU
	EndGlobalSection
	GlobalSection(ProjectConfigurationPlatforms) = postSolution
		{F0D4CABB-EF2A-4B24-A0CA-E13479C26B72}.Debug|Any CPU.ActiveCfg = Debug|Any CPU
		{F0D4CABB-EF2A-4B24-A0CA-E13479C26B72}.Debug|Any CPU.Build.0 = Debug|Any CPU
		{F0D4CABB-EF2A-4B24-A0CA-E13479C26B72}.Release|Any CPU.ActiveCfg = Release|Any CPU
		{F0D4CABB-EF2A-4B24-A0CA-E13479C26B72}.Release|Any CPU.Build.0 = Release|Any CPU
	EndGlobalSection
	GlobalSection(SolutionProperties) = preSolution
		HideSolutionNode = FALSE
	EndGlobalSection
	GlobalSection(ExtensibilityGlobals) = postSolution
		SolutionGuid = {BB81FCEA-1919-4BBE-A4D2-7F9C1E2D03CF}
	EndGlobalSection
EndGlobal
